
Microsoft Visual Studio Solution File, Format Version 12.00
# Visual Studio Version 17
VisualStudioVersion = 17.0.31612.314
MinimumVisualStudioVersion = 10.0.40219.1
Project("{9A19103F-16F7-4668-BE54-9A1E7A4F7556}") = "WebApi", "WebApi\WebApi.csproj", "{FAAD2178-F5C8-4C44-81A9-ECD0A957CF68}"
EndProject
Project("{9A19103F-16F7-4668-BE54-9A1E7A4F7556}") = "DAL", "DAL\DAL.csproj", "{0031A3DE-EBC5-43AE-9235-1CF1CD858BE0}"
EndProject
Project("{9A19103F-16F7-4668-BE54-9A1E7A4F7556}") = "BLL", "BLL\BLL.csproj", "{F9BDEC13-A859-4170-8D10-118CAC58B96A}"
EndProject
Project("{9A19103F-16F7-4668-BE54-9A1E7A4F7556}") = "Authorization", "Authorization\Authorization.csproj", "{AA0CE262-1797-442B-B1EE-01B05E4F7F2C}"
EndProject
Project("{FAE04EC0-301F-11D3-BF4B-00C04F79EFBC}") = "Tests", "Tests\Tests.csproj", "{3256C374-5CC4-4004-BC71-5C6AAFE940B3}"
EndProject
Global
	GlobalSection(SolutionConfigurationPlatforms) = preSolution
		Debug|Any CPU = Debug|Any CPU
		Release|Any CPU = Release|Any CPU
	EndGlobalSection
	GlobalSection(ProjectConfigurationPlatforms) = postSolution
		{FAAD2178-F5C8-4C44-81A9-ECD0A957CF68}.Debug|Any CPU.ActiveCfg = Debug|Any CPU
		{FAAD2178-F5C8-4C44-81A9-ECD0A957CF68}.Debug|Any CPU.Build.0 = Debug|Any CPU
		{FAAD2178-F5C8-4C44-81A9-ECD0A957CF68}.Release|Any CPU.ActiveCfg = Release|Any CPU
		{FAAD2178-F5C8-4C44-81A9-ECD0A957CF68}.Release|Any CPU.Build.0 = Release|Any CPU
		{0031A3DE-EBC5-43AE-9235-1CF1CD858BE0}.Debug|Any CPU.ActiveCfg = Debug|Any CPU
		{0031A3DE-EBC5-43AE-9235-1CF1CD858BE0}.Debug|Any CPU.Build.0 = Debug|Any CPU
		{0031A3DE-EBC5-43AE-9235-1CF1CD858BE0}.Release|Any CPU.ActiveCfg = Release|Any CPU
		{0031A3DE-EBC5-43AE-9235-1CF1CD858BE0}.Release|Any CPU.Build.0 = Release|Any CPU
		{F9BDEC13-A859-4170-8D10-118CAC58B96A}.Debug|Any CPU.ActiveCfg = Debug|Any CPU
		{F9BDEC13-A859-4170-8D10-118CAC58B96A}.Debug|Any CPU.Build.0 = Debug|Any CPU
		{F9BDEC13-A859-4170-8D10-118CAC58B96A}.Release|Any CPU.ActiveCfg = Release|Any CPU
		{F9BDEC13-A859-4170-8D10-118CAC58B96A}.Release|Any CPU.Build.0 = Release|Any CPU
		{AA0CE262-1797-442B-B1EE-01B05E4F7F2C}.Debug|Any CPU.ActiveCfg = Debug|Any CPU
		{AA0CE262-1797-442B-B1EE-01B05E4F7F2C}.Debug|Any CPU.Build.0 = Debug|Any CPU
		{AA0CE262-1797-442B-B1EE-01B05E4F7F2C}.Release|Any CPU.ActiveCfg = Release|Any CPU
		{AA0CE262-1797-442B-B1EE-01B05E4F7F2C}.Release|Any CPU.Build.0 = Release|Any CPU
		{3256C374-5CC4-4004-BC71-5C6AAFE940B3}.Debug|Any CPU.ActiveCfg = Debug|Any CPU
		{3256C374-5CC4-4004-BC71-5C6AAFE940B3}.Debug|Any CPU.Build.0 = Debug|Any CPU
		{3256C374-5CC4-4004-BC71-5C6AAFE940B3}.Release|Any CPU.ActiveCfg = Release|Any CPU
		{3256C374-5CC4-4004-BC71-5C6AAFE940B3}.Release|Any CPU.Build.0 = Release|Any CPU
	EndGlobalSection
	GlobalSection(SolutionProperties) = preSolution
		HideSolutionNode = FALSE
	EndGlobalSection
	GlobalSection(ExtensibilityGlobals) = postSolution
		SolutionGuid = {1D1CC286-2608-49DD-8E9E-4B8D3048614B}
	EndGlobalSection
EndGlobal
